
Microsoft Visual Studio Solution File, Format Version 12.00
# Visual Studio Version 17
VisualStudioVersion = 17.1.32210.238
MinimumVisualStudioVersion = 10.0.40219.1
Project("{FAE04EC0-301F-11D3-BF4B-00C04F79EFBC}") = "DONETCORECMS", "DONETCORECMS.csproj", "{3CD6144E-C3F9-4D0A-A462-CF1A6F6BF487}"
EndProject
Global
	GlobalSection(SolutionConfigurationPlatforms) = preSolution
		Debug|Any CPU = Debug|Any CPU
		Release|Any CPU = Release|Any CPU
	EndGlobalSection
	GlobalSection(ProjectConfigurationPlatforms) = postSolution
		{3CD6144E-C3F9-4D0A-A462-CF1A6F6BF487}.Debug|Any CPU.ActiveCfg = Debug|Any CPU
		{3CD6144E-C3F9-4D0A-A462-CF1A6F6BF487}.Debug|Any CPU.Build.0 = Debug|Any CPU
		{3CD6144E-C3F9-4D0A-A462-CF1A6F6BF487}.Release|Any CPU.ActiveCfg = Release|Any CPU
		{3CD6144E-C3F9-4D0A-A462-CF1A6F6BF487}.Release|Any CPU.Build.0 = Release|Any CPU
	EndGlobalSection
	GlobalSection(SolutionProperties) = preSolution
		HideSolutionNode = FALSE
	EndGlobalSection
	GlobalSection(ExtensibilityGlobals) = postSolution
		SolutionGuid = {A09A7307-E278-4043-AA19-B698E609CDFD}
	EndGlobalSection
EndGlobal
